{
    "requires": true,
    "lockfileVersion": 1,
    "dependencies": {
        "cron": {
            "version": "1.6.0",
            "resolved": "https://registry.npmjs.org/cron/-/cron-1.6.0.tgz",
            "integrity": "sha512-8OkXbeK3qF42ndzkIkCo3zfCDg2TxGjQiCQqVE+ZFFHa4vAcw0PdBc5i/6aJ9FppLncyKZmDuZdJ9/uuXEYZaw==",
            "requires": {
                "moment-timezone": "^0.5.x"
            }
        },
        "crontab": {
            "version": "1.2.0",
            "resolved": "https://registry.npmjs.org/crontab/-/crontab-1.2.0.tgz",
            "integrity": "sha512-OWjWXjT0Y8m4prqwA2pwy+njnOX8Udn7YdzruaiB4DZdxduH6uDMkS5RPgCFr7NMFNfIcYCGsyzAI9/zctnRSQ==",
            "requires": {
                "underscore": "^1.6.0"
            }
        },
        "moment": {
            "version": "2.23.0",
            "resolved": "https://registry.npmjs.org/moment/-/moment-2.23.0.tgz",
            "integrity": "sha512-3IE39bHVqFbWWaPOMHZF98Q9c3LDKGTmypMiTM2QygGXXElkFWIH7GxfmlwmY2vwa+wmNsoYZmG2iusf1ZjJoA=="
        },
        "moment-timezone": {
            "version": "0.5.23",
            "resolved": "https://registry.npmjs.org/moment-timezone/-/moment-timezone-0.5.23.tgz",
            "integrity": "sha512-WHFH85DkCfiNMDX5D3X7hpNH3/PUhjTGcD0U1SgfBGZxJ3qUmJh5FdvaFjcClxOvB3rzdfj4oRffbI38jEnC1w==",
            "requires": {
                "moment": ">= 2.9.0"
            }
        },
        "underscore": {
            "version": "1.9.1",
            "resolved": "https://registry.npmjs.org/underscore/-/underscore-1.9.1.tgz",
            "integrity": "sha512-5/4etnCkd9c8gwgowi5/om/mYO5ajCaOgdzj/oW+0eQV9WxKBDZw5+ycmKmeaTXjInS/W0BzpGLo2xR2aBwZdg=="
        }
    }
}
